
Microsoft Visual Studio Solution File, Format Version 12.00
# Visual Studio Version 17
VisualStudioVersion = 17.11.35327.3
MinimumVisualStudioVersion = 10.0.40219.1
Project("{9A19103F-16F7-4668-BE54-9A1E7A4F7556}") = "SPJ_ProyectoMVC", "SPJ_ProyectoMVC.csproj", "{56CF0C91-A3AB-473F-B42A-49E45732973A}"
EndProject
Project("{9A19103F-16F7-4668-BE54-9A1E7A4F7556}") = "SPJAutomovilesApi", "..\..\Desktop\PROYECTO FINAL2\SPJAutomovilesApi\SPJAutomovilesApi.csproj", "{2CA5E716-FD6C-49C5-A173-CF212359785B}"
EndProject
Project("{9A19103F-16F7-4668-BE54-9A1E7A4F7556}") = "SPJMauiApp", "..\..\Desktop\PROYECTO FINAL2\SPJMauiApp\SPJMauiApp.csproj", "{AABF2C8A-FEE2-411F-A0FD-B45E7633E916}"
EndProject
Global
	GlobalSection(SolutionConfigurationPlatforms) = preSolution
		Debug|Any CPU = Debug|Any CPU
		Release|Any CPU = Release|Any CPU
	EndGlobalSection
	GlobalSection(ProjectConfigurationPlatforms) = postSolution
		{56CF0C91-A3AB-473F-B42A-49E45732973A}.Debug|Any CPU.ActiveCfg = Debug|Any CPU
		{56CF0C91-A3AB-473F-B42A-49E45732973A}.Debug|Any CPU.Build.0 = Debug|Any CPU
		{56CF0C91-A3AB-473F-B42A-49E45732973A}.Release|Any CPU.ActiveCfg = Release|Any CPU
		{56CF0C91-A3AB-473F-B42A-49E45732973A}.Release|Any CPU.Build.0 = Release|Any CPU
		{2CA5E716-FD6C-49C5-A173-CF212359785B}.Debug|Any CPU.ActiveCfg = Debug|Any CPU
		{2CA5E716-FD6C-49C5-A173-CF212359785B}.Debug|Any CPU.Build.0 = Debug|Any CPU
		{2CA5E716-FD6C-49C5-A173-CF212359785B}.Release|Any CPU.ActiveCfg = Release|Any CPU
		{2CA5E716-FD6C-49C5-A173-CF212359785B}.Release|Any CPU.Build.0 = Release|Any CPU
		{AABF2C8A-FEE2-411F-A0FD-B45E7633E916}.Debug|Any CPU.ActiveCfg = Debug|Any CPU
		{AABF2C8A-FEE2-411F-A0FD-B45E7633E916}.Debug|Any CPU.Build.0 = Debug|Any CPU
		{AABF2C8A-FEE2-411F-A0FD-B45E7633E916}.Debug|Any CPU.Deploy.0 = Debug|Any CPU
		{AABF2C8A-FEE2-411F-A0FD-B45E7633E916}.Release|Any CPU.ActiveCfg = Release|Any CPU
		{AABF2C8A-FEE2-411F-A0FD-B45E7633E916}.Release|Any CPU.Build.0 = Release|Any CPU
		{AABF2C8A-FEE2-411F-A0FD-B45E7633E916}.Release|Any CPU.Deploy.0 = Release|Any CPU
	EndGlobalSection
	GlobalSection(SolutionProperties) = preSolution
		HideSolutionNode = FALSE
	EndGlobalSection
	GlobalSection(ExtensibilityGlobals) = postSolution
		SolutionGuid = {B3660145-57C3-4591-9176-D9CAE71BB1D8}
	EndGlobalSection
EndGlobal
